
Microsoft Visual Studio Solution File, Format Version 12.00
# Visual Studio Version 17
VisualStudioVersion = 17.8.34309.116
MinimumVisualStudioVersion = 10.0.40219.1
Project("{9A19103F-16F7-4668-BE54-9A1E7A4F7556}") = "Flagzor", "Flagzor.csproj", "{F68C71EB-D560-4969-8C8A-775C2E5852E9}"
EndProject
Project("{9A19103F-16F7-4668-BE54-9A1E7A4F7556}") = "Flagzor.Sample", "..\Flagzor.Sample\Flagzor.Sample.csproj", "{5AC2D66E-F5FA-45DE-A934-5F448E45E154}"
EndProject
Project("{9A19103F-16F7-4668-BE54-9A1E7A4F7556}") = "Flagzor.Test", "..\Flagzor.Test\Flagzor.Test.csproj", "{4A7950B0-4553-43F2-B103-2F04490E8DC0}"
EndProject
Global
	GlobalSection(SolutionConfigurationPlatforms) = preSolution
		Debug|Any CPU = Debug|Any CPU
		Release|Any CPU = Release|Any CPU
	EndGlobalSection
	GlobalSection(ProjectConfigurationPlatforms) = postSolution
		{F68C71EB-D560-4969-8C8A-775C2E5852E9}.Debug|Any CPU.ActiveCfg = Debug|Any CPU
		{F68C71EB-D560-4969-8C8A-775C2E5852E9}.Debug|Any CPU.Build.0 = Debug|Any CPU
		{F68C71EB-D560-4969-8C8A-775C2E5852E9}.Release|Any CPU.ActiveCfg = Release|Any CPU
		{F68C71EB-D560-4969-8C8A-775C2E5852E9}.Release|Any CPU.Build.0 = Release|Any CPU
		{5AC2D66E-F5FA-45DE-A934-5F448E45E154}.Debug|Any CPU.ActiveCfg = Debug|Any CPU
		{5AC2D66E-F5FA-45DE-A934-5F448E45E154}.Debug|Any CPU.Build.0 = Debug|Any CPU
		{5AC2D66E-F5FA-45DE-A934-5F448E45E154}.Release|Any CPU.ActiveCfg = Release|Any CPU
		{5AC2D66E-F5FA-45DE-A934-5F448E45E154}.Release|Any CPU.Build.0 = Release|Any CPU
		{4A7950B0-4553-43F2-B103-2F04490E8DC0}.Debug|Any CPU.ActiveCfg = Debug|Any CPU
		{4A7950B0-4553-43F2-B103-2F04490E8DC0}.Debug|Any CPU.Build.0 = Debug|Any CPU
		{4A7950B0-4553-43F2-B103-2F04490E8DC0}.Release|Any CPU.ActiveCfg = Release|Any CPU
		{4A7950B0-4553-43F2-B103-2F04490E8DC0}.Release|Any CPU.Build.0 = Release|Any CPU
	EndGlobalSection
	GlobalSection(SolutionProperties) = preSolution
		HideSolutionNode = FALSE
	EndGlobalSection
	GlobalSection(ExtensibilityGlobals) = postSolution
		SolutionGuid = {6AA7F9F5-FE52-4BC2-8D74-CB49DDCB4C4D}
	EndGlobalSection
EndGlobal
